
Microsoft Visual Studio Solution File, Format Version 12.00
# Visual Studio Version 17
VisualStudioVersion = 17.9.34728.123
MinimumVisualStudioVersion = 10.0.40219.1
Project("{9A19103F-16F7-4668-BE54-9A1E7A4F7556}") = "OidcDebugger", "OidcDebugger\OidcDebugger.csproj", "{82EF4A34-93CE-40FA-B575-62B564651A17}"
EndProject
Project("{9A19103F-16F7-4668-BE54-9A1E7A4F7556}") = "OidcDebugger.BackendTests", "OidcDebugger.BackendTests\OidcDebugger.BackendTests.csproj", "{C00B9A26-B9D2-4216-BF66-25D1626CBFD2}"
EndProject
Global
	GlobalSection(SolutionConfigurationPlatforms) = preSolution
		Debug|Any CPU = Debug|Any CPU
		Release|Any CPU = Release|Any CPU
	EndGlobalSection
	GlobalSection(ProjectConfigurationPlatforms) = postSolution
		{82EF4A34-93CE-40FA-B575-62B564651A17}.Debug|Any CPU.ActiveCfg = Debug|Any CPU
		{82EF4A34-93CE-40FA-B575-62B564651A17}.Debug|Any CPU.Build.0 = Debug|Any CPU
		{82EF4A34-93CE-40FA-B575-62B564651A17}.Release|Any CPU.ActiveCfg = Release|Any CPU
		{82EF4A34-93CE-40FA-B575-62B564651A17}.Release|Any CPU.Build.0 = Release|Any CPU
		{C00B9A26-B9D2-4216-BF66-25D1626CBFD2}.Debug|Any CPU.ActiveCfg = Debug|Any CPU
		{C00B9A26-B9D2-4216-BF66-25D1626CBFD2}.Debug|Any CPU.Build.0 = Debug|Any CPU
		{C00B9A26-B9D2-4216-BF66-25D1626CBFD2}.Release|Any CPU.ActiveCfg = Release|Any CPU
		{C00B9A26-B9D2-4216-BF66-25D1626CBFD2}.Release|Any CPU.Build.0 = Release|Any CPU
	EndGlobalSection
	GlobalSection(SolutionProperties) = preSolution
		HideSolutionNode = FALSE
	EndGlobalSection
	GlobalSection(ExtensibilityGlobals) = postSolution
		SolutionGuid = {27253E08-135B-4915-8CA6-F02F0936BE26}
	EndGlobalSection
EndGlobal
